
Microsoft Visual Studio Solution File, Format Version 12.00
# Visual Studio Version 17
VisualStudioVersion = 17.1.32421.90
MinimumVisualStudioVersion = 10.0.40219.1
Project("{9A19103F-16F7-4668-BE54-9A1E7A4F7556}") = "TaskManagementApi", "TaskManagementApi\TaskManagementApi.csproj", "{FC2D28E6-1D0F-4C13-9190-DD5DB47AEFB7}"
EndProject
Project("{E53339B2-1760-4266-BCC7-CA923CBCF16C}") = "docker-compose", "docker-compose.dcproj", "{28607C7D-4B96-4C11-8018-24383BA1D7F3}"
EndProject
Project("{9A19103F-16F7-4668-BE54-9A1E7A4F7556}") = "MessageQueue", "MessageQueue\MessageQueue.csproj", "{C9527EB1-CAC6-4B98-B8EE-6C239F271CFA}"
EndProject
Project("{FAE04EC0-301F-11D3-BF4B-00C04F79EFBC}") = "UnroutedMessageService", "UnroutedMessageService\UnroutedMessageService.csproj", "{06DFCBC1-D857-4EED-9DE9-05EBA80141D4}"
EndProject
Global
	GlobalSection(SolutionConfigurationPlatforms) = preSolution
		Debug|Any CPU = Debug|Any CPU
		Release|Any CPU = Release|Any CPU
	EndGlobalSection
	GlobalSection(ProjectConfigurationPlatforms) = postSolution
		{FC2D28E6-1D0F-4C13-9190-DD5DB47AEFB7}.Debug|Any CPU.ActiveCfg = Debug|Any CPU
		{FC2D28E6-1D0F-4C13-9190-DD5DB47AEFB7}.Debug|Any CPU.Build.0 = Debug|Any CPU
		{FC2D28E6-1D0F-4C13-9190-DD5DB47AEFB7}.Release|Any CPU.ActiveCfg = Release|Any CPU
		{FC2D28E6-1D0F-4C13-9190-DD5DB47AEFB7}.Release|Any CPU.Build.0 = Release|Any CPU
		{28607C7D-4B96-4C11-8018-24383BA1D7F3}.Debug|Any CPU.ActiveCfg = Debug|Any CPU
		{28607C7D-4B96-4C11-8018-24383BA1D7F3}.Debug|Any CPU.Build.0 = Debug|Any CPU
		{28607C7D-4B96-4C11-8018-24383BA1D7F3}.Release|Any CPU.ActiveCfg = Release|Any CPU
		{28607C7D-4B96-4C11-8018-24383BA1D7F3}.Release|Any CPU.Build.0 = Release|Any CPU
		{C9527EB1-CAC6-4B98-B8EE-6C239F271CFA}.Debug|Any CPU.ActiveCfg = Debug|Any CPU
		{C9527EB1-CAC6-4B98-B8EE-6C239F271CFA}.Debug|Any CPU.Build.0 = Debug|Any CPU
		{C9527EB1-CAC6-4B98-B8EE-6C239F271CFA}.Release|Any CPU.ActiveCfg = Release|Any CPU
		{C9527EB1-CAC6-4B98-B8EE-6C239F271CFA}.Release|Any CPU.Build.0 = Release|Any CPU
		{06DFCBC1-D857-4EED-9DE9-05EBA80141D4}.Debug|Any CPU.ActiveCfg = Debug|Any CPU
		{06DFCBC1-D857-4EED-9DE9-05EBA80141D4}.Debug|Any CPU.Build.0 = Debug|Any CPU
		{06DFCBC1-D857-4EED-9DE9-05EBA80141D4}.Release|Any CPU.ActiveCfg = Release|Any CPU
		{06DFCBC1-D857-4EED-9DE9-05EBA80141D4}.Release|Any CPU.Build.0 = Release|Any CPU
	EndGlobalSection
	GlobalSection(SolutionProperties) = preSolution
		HideSolutionNode = FALSE
	EndGlobalSection
	GlobalSection(ExtensibilityGlobals) = postSolution
		SolutionGuid = {AE4F6594-8F01-4F94-B0B5-792B572C5D87}
	EndGlobalSection
EndGlobal
